
Microsoft Visual Studio Solution File, Format Version 12.00
# Visual Studio Version 16
VisualStudioVersion = 16.0.29509.3
MinimumVisualStudioVersion = 10.0.40219.1
Project("{FAE04EC0-301F-11D3-BF4B-00C04F79EFBC}") = "TwitterBot", "TwitterBot.csproj", "{0866CACE-FFCD-4684-B90B-64CF51F94248}"
EndProject
Global
	GlobalSection(SolutionConfigurationPlatforms) = preSolution
		Debug|Any CPU = Debug|Any CPU
		Release|Any CPU = Release|Any CPU
	EndGlobalSection
	GlobalSection(ProjectConfigurationPlatforms) = postSolution
		{0866CACE-FFCD-4684-B90B-64CF51F94248}.Debug|Any CPU.ActiveCfg = Debug|Any CPU
		{0866CACE-FFCD-4684-B90B-64CF51F94248}.Debug|Any CPU.Build.0 = Debug|Any CPU
		{0866CACE-FFCD-4684-B90B-64CF51F94248}.Release|Any CPU.ActiveCfg = Release|Any CPU
		{0866CACE-FFCD-4684-B90B-64CF51F94248}.Release|Any CPU.Build.0 = Release|Any CPU
	EndGlobalSection
	GlobalSection(SolutionProperties) = preSolution
		HideSolutionNode = FALSE
	EndGlobalSection
	GlobalSection(ExtensibilityGlobals) = postSolution
		SolutionGuid = {681600B8-3A3E-4DE9-9977-1E4AC9219881}
	EndGlobalSection
EndGlobal
